{
  "lockfileVersion": 1,
  "workspaces": {
    "": {
      "name": "ronin",
    },
    "packages/actions": {
      "name": "@ronin/actions",
      "version": "0.0.1",
      "dependencies": {
        "@google/generative-ai": "^0.21.0",
        "@ronin/config": "workspace:*",
        "@ronin/prompts": "workspace:*",
        "bun-types": "latest",
        "zod": "1",
      },
    },
    "packages/archieve": {
      "name": "@ronin/archieve",
      "version": "0.0.1",
      "dependencies": {
        "@ronin/config": "workspace:*",
        "@ronin/prompts": "workspace:*",
        "bun-types": "latest",
        "zod": "1",
      },
    },
    "packages/config": {
      "name": "@ronin/config",
      "version": "0.0.1",
      "dependencies": {
        "@ronin/prompts": "workspace:*",
        "bun-types": "latest",
        "zod": "1",
      },
    },
    "packages/hooks": {
      "name": "@ronin/hooks",
      "version": "0.0.1",
      "dependencies": {
        "@ronin/config": "workspace:*",
        "@ronin/prompts": "workspace:*",
        "bun-types": "latest",
        "zod": "1",
      },
    },
    "packages/prompts": {
      "name": "@ronin/prompts",
      "version": "0.0.1",
      "dependencies": {
        "@ronin/config": "workspace:*",
        "bun-types": "latest",
        "zod": "1",
      },
    },
    "packages/scripts": {
      "name": "@ronin/scripts",
      "version": "0.0.1",
      "dependencies": {
        "@ronin/actions": "workspace:*",
        "@ronin/prompts": "workspace:*",
        "@ronin/utils": "workspace:*",
        "bun-types": "latest",
        "zod": "3",
      },
    },
    "packages/test": {
      "name": "@ronin/test",
      "version": "0.0.1",
      "dependencies": {
        "@ronin/actions": "workspace:*",
        "bun-types": "latest",
        "zod": "3",
      },
    },
    "packages/utils": {
      "name": "@ronin/utils",
      "version": "0.0.1",
      "dependencies": {
        "@ronin/actions": "workspace:*",
        "@ronin/prompts": "workspace:*",
        "@ronin/utils": "workspace:*",
        "bun-types": "latest",
        "zod": "3",
      },
    },
  },
  "packages": {
    "@google/generative-ai": ["@google/generative-ai@0.21.0", "", {}, "sha512-7XhUbtnlkSEZK15kN3t+tzIMxsbKm/dSkKBFalj+20NvPKe1kBY7mR2P7vuijEn+f06z5+A8bVGKO0v39cr6Wg=="],

    "@ronin/actions": ["@ronin/actions@workspace:packages/actions"],

    "@ronin/archieve": ["@ronin/archieve@workspace:packages/archieve"],

    "@ronin/config": ["@ronin/config@workspace:packages/config"],

    "@ronin/hooks": ["@ronin/hooks@workspace:packages/hooks"],

    "@ronin/prompts": ["@ronin/prompts@workspace:packages/prompts"],

    "@ronin/scripts": ["@ronin/scripts@workspace:packages/scripts"],

    "@ronin/test": ["@ronin/test@workspace:packages/test"],

    "@ronin/utils": ["@ronin/utils@workspace:packages/utils"],

    "@types/node": ["@types/node@22.13.4", "", { "dependencies": { "undici-types": "~6.20.0" } }, "sha512-ywP2X0DYtX3y08eFVx5fNIw7/uIv8hYUKgXoK8oayJlLnKcRfEYCxWMVE1XagUdVtCJlZT1AU4LXEABW+L1Peg=="],

    "@types/ws": ["@types/ws@8.5.14", "", { "dependencies": { "@types/node": "*" } }, "sha512-bd/YFLW+URhBzMXurx7lWByOu+xzU9+kb3RboOteXYDfW+tr+JZa99OyNmPINEGB/ahzKrEuc8rcv4gnpJmxTw=="],

    "bun-types": ["bun-types@1.2.2", "", { "dependencies": { "@types/node": "*", "@types/ws": "~8.5.10" } }, "sha512-RCbMH5elr9gjgDGDhkTTugA21XtJAy/9jkKe/G3WR2q17VPGhcquf9Sir6uay9iW+7P/BV0CAHA1XlHXMAVKHg=="],

    "undici-types": ["undici-types@6.20.0", "", {}, "sha512-Ny6QZ2Nju20vw1SRHe3d9jVu6gJ+4e3+MMpqu7pqE5HT6WsTSlce++GQmK5UXS8mzV8DSYHrQH+Xrf2jVcuKNg=="],

    "zod": ["zod@1.11.17", "", {}, "sha512-UzIwO92D0dSFwIRyyqAfRXICITLjF0IP8tRbEK/un7adirMssWZx8xF/1hZNE7t61knWZ+lhEuUvxlu2MO8qqA=="],

    "@ronin/scripts/zod": ["zod@3.24.2", "", {}, "sha512-lY7CDW43ECgW9u1TcT3IoXHflywfVqDYze4waEz812jR/bZ8FHDsl7pFQoSZTz5N+2NqRXs8GBwnAwo3ZNxqhQ=="],

    "@ronin/test/zod": ["zod@3.24.2", "", {}, "sha512-lY7CDW43ECgW9u1TcT3IoXHflywfVqDYze4waEz812jR/bZ8FHDsl7pFQoSZTz5N+2NqRXs8GBwnAwo3ZNxqhQ=="],

    "@ronin/utils/zod": ["zod@3.24.2", "", {}, "sha512-lY7CDW43ECgW9u1TcT3IoXHflywfVqDYze4waEz812jR/bZ8FHDsl7pFQoSZTz5N+2NqRXs8GBwnAwo3ZNxqhQ=="],
  }
}
